<?xml version="1.0" encoding="UTF-8"?>
<CodeBlocks_project_file>
	<FileVersion major="1" minor="6"/>
	<Project>
		<Option title="descibe_mine_sweep_distriction"/>
		<Option makefile_is_custom="1"/>
		<Option compiler="gcc"/>
		<Option virtualFolders="CMake Files\;"/>
		<Build>
			<Target title="all">
				<Option working_dir="/home/sxy/Codeup/mine_sweep/descibe_mine_sweep_distriction/build-descibe_mine_sweep_distriction-not_config_default_compiler_5_9_7_GCC_64bit-Default"/>
				<Option type="4"/>
				<MakeCommands>
					<Build command="/bin/gmake -j8 -f &quot;/home/sxy/Codeup/mine_sweep/descibe_mine_sweep_distriction/build-descibe_mine_sweep_distriction-not_config_default_compiler_5_9_7_GCC_64bit-Default/Makefile&quot;  VERBOSE=1 all"/>
					<CompileFile command="/bin/gmake -j8 -f &quot;/home/sxy/Codeup/mine_sweep/descibe_mine_sweep_distriction/build-descibe_mine_sweep_distriction-not_config_default_compiler_5_9_7_GCC_64bit-Default/Makefile&quot;  VERBOSE=1 &quot;$file&quot;"/>
					<Clean command="/bin/gmake -j8 -f &quot;/home/sxy/Codeup/mine_sweep/descibe_mine_sweep_distriction/build-descibe_mine_sweep_distriction-not_config_default_compiler_5_9_7_GCC_64bit-Default/Makefile&quot;  VERBOSE=1 clean"/>
					<DistClean command="/bin/gmake -j8 -f &quot;/home/sxy/Codeup/mine_sweep/descibe_mine_sweep_distriction/build-descibe_mine_sweep_distriction-not_config_default_compiler_5_9_7_GCC_64bit-Default/Makefile&quot;  VERBOSE=1 clean"/>
				</MakeCommands>
			</Target>
			<Target title="install/strip">
				<Option working_dir="/home/sxy/Codeup/mine_sweep/descibe_mine_sweep_distriction/build-descibe_mine_sweep_distriction-not_config_default_compiler_5_9_7_GCC_64bit-Default"/>
				<Option type="4"/>
				<MakeCommands>
					<Build command="/bin/gmake -j8 -f &quot;/home/sxy/Codeup/mine_sweep/descibe_mine_sweep_distriction/build-descibe_mine_sweep_distriction-not_config_default_compiler_5_9_7_GCC_64bit-Default/Makefile&quot;  VERBOSE=1 install/strip"/>
					<CompileFile command="/bin/gmake -j8 -f &quot;/home/sxy/Codeup/mine_sweep/descibe_mine_sweep_distriction/build-descibe_mine_sweep_distriction-not_config_default_compiler_5_9_7_GCC_64bit-Default/Makefile&quot;  VERBOSE=1 &quot;$file&quot;"/>
					<Clean command="/bin/gmake -j8 -f &quot;/home/sxy/Codeup/mine_sweep/descibe_mine_sweep_distriction/build-descibe_mine_sweep_distriction-not_config_default_compiler_5_9_7_GCC_64bit-Default/Makefile&quot;  VERBOSE=1 clean"/>
					<DistClean command="/bin/gmake -j8 -f &quot;/home/sxy/Codeup/mine_sweep/descibe_mine_sweep_distriction/build-descibe_mine_sweep_distriction-not_config_default_compiler_5_9_7_GCC_64bit-Default/Makefile&quot;  VERBOSE=1 clean"/>
				</MakeCommands>
			</Target>
			<Target title="install/local">
				<Option working_dir="/home/sxy/Codeup/mine_sweep/descibe_mine_sweep_distriction/build-descibe_mine_sweep_distriction-not_config_default_compiler_5_9_7_GCC_64bit-Default"/>
				<Option type="4"/>
				<MakeCommands>
					<Build command="/bin/gmake -j8 -f &quot;/home/sxy/Codeup/mine_sweep/descibe_mine_sweep_distriction/build-descibe_mine_sweep_distriction-not_config_default_compiler_5_9_7_GCC_64bit-Default/Makefile&quot;  VERBOSE=1 install/local"/>
					<CompileFile command="/bin/gmake -j8 -f &quot;/home/sxy/Codeup/mine_sweep/descibe_mine_sweep_distriction/build-descibe_mine_sweep_distriction-not_config_default_compiler_5_9_7_GCC_64bit-Default/Makefile&quot;  VERBOSE=1 &quot;$file&quot;"/>
					<Clean command="/bin/gmake -j8 -f &quot;/home/sxy/Codeup/mine_sweep/descibe_mine_sweep_distriction/build-descibe_mine_sweep_distriction-not_config_default_compiler_5_9_7_GCC_64bit-Default/Makefile&quot;  VERBOSE=1 clean"/>
					<DistClean command="/bin/gmake -j8 -f &quot;/home/sxy/Codeup/mine_sweep/descibe_mine_sweep_distriction/build-descibe_mine_sweep_distriction-not_config_default_compiler_5_9_7_GCC_64bit-Default/Makefile&quot;  VERBOSE=1 clean"/>
				</MakeCommands>
			</Target>
			<Target title="install">
				<Option working_dir="/home/sxy/Codeup/mine_sweep/descibe_mine_sweep_distriction/build-descibe_mine_sweep_distriction-not_config_default_compiler_5_9_7_GCC_64bit-Default"/>
				<Option type="4"/>
				<MakeCommands>
					<Build command="/bin/gmake -j8 -f &quot;/home/sxy/Codeup/mine_sweep/descibe_mine_sweep_distriction/build-descibe_mine_sweep_distriction-not_config_default_compiler_5_9_7_GCC_64bit-Default/Makefile&quot;  VERBOSE=1 install"/>
					<CompileFile command="/bin/gmake -j8 -f &quot;/home/sxy/Codeup/mine_sweep/descibe_mine_sweep_distriction/build-descibe_mine_sweep_distriction-not_config_default_compiler_5_9_7_GCC_64bit-Default/Makefile&quot;  VERBOSE=1 &quot;$file&quot;"/>
					<Clean command="/bin/gmake -j8 -f &quot;/home/sxy/Codeup/mine_sweep/descibe_mine_sweep_distriction/build-descibe_mine_sweep_distriction-not_config_default_compiler_5_9_7_GCC_64bit-Default/Makefile&quot;  VERBOSE=1 clean"/>
					<DistClean command="/bin/gmake -j8 -f &quot;/home/sxy/Codeup/mine_sweep/descibe_mine_sweep_distriction/build-descibe_mine_sweep_distriction-not_config_default_compiler_5_9_7_GCC_64bit-Default/Makefile&quot;  VERBOSE=1 clean"/>
				</MakeCommands>
			</Target>
			<Target title="list_install_components">
				<Option working_dir="/home/sxy/Codeup/mine_sweep/descibe_mine_sweep_distriction/build-descibe_mine_sweep_distriction-not_config_default_compiler_5_9_7_GCC_64bit-Default"/>
				<Option type="4"/>
				<MakeCommands>
					<Build command="/bin/gmake -j8 -f &quot;/home/sxy/Codeup/mine_sweep/descibe_mine_sweep_distriction/build-descibe_mine_sweep_distriction-not_config_default_compiler_5_9_7_GCC_64bit-Default/Makefile&quot;  VERBOSE=1 list_install_components"/>
					<CompileFile command="/bin/gmake -j8 -f &quot;/home/sxy/Codeup/mine_sweep/descibe_mine_sweep_distriction/build-descibe_mine_sweep_distriction-not_config_default_compiler_5_9_7_GCC_64bit-Default/Makefile&quot;  VERBOSE=1 &quot;$file&quot;"/>
					<Clean command="/bin/gmake -j8 -f &quot;/home/sxy/Codeup/mine_sweep/descibe_mine_sweep_distriction/build-descibe_mine_sweep_distriction-not_config_default_compiler_5_9_7_GCC_64bit-Default/Makefile&quot;  VERBOSE=1 clean"/>
					<DistClean command="/bin/gmake -j8 -f &quot;/home/sxy/Codeup/mine_sweep/descibe_mine_sweep_distriction/build-descibe_mine_sweep_distriction-not_config_default_compiler_5_9_7_GCC_64bit-Default/Makefile&quot;  VERBOSE=1 clean"/>
				</MakeCommands>
			</Target>
			<Target title="edit_cache">
				<Option working_dir="/home/sxy/Codeup/mine_sweep/descibe_mine_sweep_distriction/build-descibe_mine_sweep_distriction-not_config_default_compiler_5_9_7_GCC_64bit-Default"/>
				<Option type="4"/>
				<MakeCommands>
					<Build command="/bin/gmake -j8 -f &quot;/home/sxy/Codeup/mine_sweep/descibe_mine_sweep_distriction/build-descibe_mine_sweep_distriction-not_config_default_compiler_5_9_7_GCC_64bit-Default/Makefile&quot;  VERBOSE=1 edit_cache"/>
					<CompileFile command="/bin/gmake -j8 -f &quot;/home/sxy/Codeup/mine_sweep/descibe_mine_sweep_distriction/build-descibe_mine_sweep_distriction-not_config_default_compiler_5_9_7_GCC_64bit-Default/Makefile&quot;  VERBOSE=1 &quot;$file&quot;"/>
					<Clean command="/bin/gmake -j8 -f &quot;/home/sxy/Codeup/mine_sweep/descibe_mine_sweep_distriction/build-descibe_mine_sweep_distriction-not_config_default_compiler_5_9_7_GCC_64bit-Default/Makefile&quot;  VERBOSE=1 clean"/>
					<DistClean command="/bin/gmake -j8 -f &quot;/home/sxy/Codeup/mine_sweep/descibe_mine_sweep_distriction/build-descibe_mine_sweep_distriction-not_config_default_compiler_5_9_7_GCC_64bit-Default/Makefile&quot;  VERBOSE=1 clean"/>
				</MakeCommands>
			</Target>
			<Target title="test">
				<Option working_dir="/home/sxy/Codeup/mine_sweep/descibe_mine_sweep_distriction/build-descibe_mine_sweep_distriction-not_config_default_compiler_5_9_7_GCC_64bit-Default"/>
				<Option type="4"/>
				<MakeCommands>
					<Build command="/bin/gmake -j8 -f &quot;/home/sxy/Codeup/mine_sweep/descibe_mine_sweep_distriction/build-descibe_mine_sweep_distriction-not_config_default_compiler_5_9_7_GCC_64bit-Default/Makefile&quot;  VERBOSE=1 test"/>
					<CompileFile command="/bin/gmake -j8 -f &quot;/home/sxy/Codeup/mine_sweep/descibe_mine_sweep_distriction/build-descibe_mine_sweep_distriction-not_config_default_compiler_5_9_7_GCC_64bit-Default/Makefile&quot;  VERBOSE=1 &quot;$file&quot;"/>
					<Clean command="/bin/gmake -j8 -f &quot;/home/sxy/Codeup/mine_sweep/descibe_mine_sweep_distriction/build-descibe_mine_sweep_distriction-not_config_default_compiler_5_9_7_GCC_64bit-Default/Makefile&quot;  VERBOSE=1 clean"/>
					<DistClean command="/bin/gmake -j8 -f &quot;/home/sxy/Codeup/mine_sweep/descibe_mine_sweep_distriction/build-descibe_mine_sweep_distriction-not_config_default_compiler_5_9_7_GCC_64bit-Default/Makefile&quot;  VERBOSE=1 clean"/>
				</MakeCommands>
			</Target>
			<Target title="rebuild_cache">
				<Option working_dir="/home/sxy/Codeup/mine_sweep/descibe_mine_sweep_distriction/build-descibe_mine_sweep_distriction-not_config_default_compiler_5_9_7_GCC_64bit-Default"/>
				<Option type="4"/>
				<MakeCommands>
					<Build command="/bin/gmake -j8 -f &quot;/home/sxy/Codeup/mine_sweep/descibe_mine_sweep_distriction/build-descibe_mine_sweep_distriction-not_config_default_compiler_5_9_7_GCC_64bit-Default/Makefile&quot;  VERBOSE=1 rebuild_cache"/>
					<CompileFile command="/bin/gmake -j8 -f &quot;/home/sxy/Codeup/mine_sweep/descibe_mine_sweep_distriction/build-descibe_mine_sweep_distriction-not_config_default_compiler_5_9_7_GCC_64bit-Default/Makefile&quot;  VERBOSE=1 &quot;$file&quot;"/>
					<Clean command="/bin/gmake -j8 -f &quot;/home/sxy/Codeup/mine_sweep/descibe_mine_sweep_distriction/build-descibe_mine_sweep_distriction-not_config_default_compiler_5_9_7_GCC_64bit-Default/Makefile&quot;  VERBOSE=1 clean"/>
					<DistClean command="/bin/gmake -j8 -f &quot;/home/sxy/Codeup/mine_sweep/descibe_mine_sweep_distriction/build-descibe_mine_sweep_distriction-not_config_default_compiler_5_9_7_GCC_64bit-Default/Makefile&quot;  VERBOSE=1 clean"/>
				</MakeCommands>
			</Target>
			<Target title="descibe_mine_sweep_distriction">
				<Option output="/home/sxy/Codeup/mine_sweep/descibe_mine_sweep_distriction/build-descibe_mine_sweep_distriction-not_config_default_compiler_5_9_7_GCC_64bit-Default/libdescibe_mine_sweep_distriction.a" prefix_auto="0" extension_auto="0"/>
				<Option working_dir="/home/sxy/Codeup/mine_sweep/descibe_mine_sweep_distriction/build-descibe_mine_sweep_distriction-not_config_default_compiler_5_9_7_GCC_64bit-Default"/>
				<Option object_output="./"/>
				<Option type="2"/>
				<Option compiler="gcc"/>
				<Compiler>
					<Add directory="/home/sxy/Codeup/mine_sweep/descibe_mine_sweep_distriction/include"/>
					<Add directory="/home/sxy/Codeup/mine_sweep/descibe_mine_sweep_distriction/src"/>
					<Add directory="/usr/lib/gcc/x86_64-redhat-linux/4.8.5/../../../../include/c++/4.8.5"/>
					<Add directory="/usr/lib/gcc/x86_64-redhat-linux/4.8.5/../../../../include/c++/4.8.5/x86_64-redhat-linux"/>
					<Add directory="/usr/lib/gcc/x86_64-redhat-linux/4.8.5/../../../../include/c++/4.8.5/backward"/>
					<Add directory="/usr/lib/gcc/x86_64-redhat-linux/4.8.5/include"/>
					<Add directory="/usr/local/include"/>
					<Add directory="/usr/include"/>
				</Compiler>
				<MakeCommands>
					<Build command="/bin/gmake -j8 -f &quot;/home/sxy/Codeup/mine_sweep/descibe_mine_sweep_distriction/build-descibe_mine_sweep_distriction-not_config_default_compiler_5_9_7_GCC_64bit-Default/Makefile&quot;  VERBOSE=1 descibe_mine_sweep_distriction"/>
					<CompileFile command="/bin/gmake -j8 -f &quot;/home/sxy/Codeup/mine_sweep/descibe_mine_sweep_distriction/build-descibe_mine_sweep_distriction-not_config_default_compiler_5_9_7_GCC_64bit-Default/Makefile&quot;  VERBOSE=1 &quot;$file&quot;"/>
					<Clean command="/bin/gmake -j8 -f &quot;/home/sxy/Codeup/mine_sweep/descibe_mine_sweep_distriction/build-descibe_mine_sweep_distriction-not_config_default_compiler_5_9_7_GCC_64bit-Default/Makefile&quot;  VERBOSE=1 clean"/>
					<DistClean command="/bin/gmake -j8 -f &quot;/home/sxy/Codeup/mine_sweep/descibe_mine_sweep_distriction/build-descibe_mine_sweep_distriction-not_config_default_compiler_5_9_7_GCC_64bit-Default/Makefile&quot;  VERBOSE=1 clean"/>
				</MakeCommands>
			</Target>
			<Target title="descibe_mine_sweep_distriction/fast">
				<Option output="/home/sxy/Codeup/mine_sweep/descibe_mine_sweep_distriction/build-descibe_mine_sweep_distriction-not_config_default_compiler_5_9_7_GCC_64bit-Default/libdescibe_mine_sweep_distriction.a" prefix_auto="0" extension_auto="0"/>
				<Option working_dir="/home/sxy/Codeup/mine_sweep/descibe_mine_sweep_distriction/build-descibe_mine_sweep_distriction-not_config_default_compiler_5_9_7_GCC_64bit-Default"/>
				<Option object_output="./"/>
				<Option type="2"/>
				<Option compiler="gcc"/>
				<Compiler>
					<Add directory="/home/sxy/Codeup/mine_sweep/descibe_mine_sweep_distriction/include"/>
					<Add directory="/home/sxy/Codeup/mine_sweep/descibe_mine_sweep_distriction/src"/>
					<Add directory="/usr/lib/gcc/x86_64-redhat-linux/4.8.5/../../../../include/c++/4.8.5"/>
					<Add directory="/usr/lib/gcc/x86_64-redhat-linux/4.8.5/../../../../include/c++/4.8.5/x86_64-redhat-linux"/>
					<Add directory="/usr/lib/gcc/x86_64-redhat-linux/4.8.5/../../../../include/c++/4.8.5/backward"/>
					<Add directory="/usr/lib/gcc/x86_64-redhat-linux/4.8.5/include"/>
					<Add directory="/usr/local/include"/>
					<Add directory="/usr/include"/>
				</Compiler>
				<MakeCommands>
					<Build command="/bin/gmake -j8 -f &quot;/home/sxy/Codeup/mine_sweep/descibe_mine_sweep_distriction/build-descibe_mine_sweep_distriction-not_config_default_compiler_5_9_7_GCC_64bit-Default/Makefile&quot;  VERBOSE=1 descibe_mine_sweep_distriction/fast"/>
					<CompileFile command="/bin/gmake -j8 -f &quot;/home/sxy/Codeup/mine_sweep/descibe_mine_sweep_distriction/build-descibe_mine_sweep_distriction-not_config_default_compiler_5_9_7_GCC_64bit-Default/Makefile&quot;  VERBOSE=1 &quot;$file&quot;"/>
					<Clean command="/bin/gmake -j8 -f &quot;/home/sxy/Codeup/mine_sweep/descibe_mine_sweep_distriction/build-descibe_mine_sweep_distriction-not_config_default_compiler_5_9_7_GCC_64bit-Default/Makefile&quot;  VERBOSE=1 clean"/>
					<DistClean command="/bin/gmake -j8 -f &quot;/home/sxy/Codeup/mine_sweep/descibe_mine_sweep_distriction/build-descibe_mine_sweep_distriction-not_config_default_compiler_5_9_7_GCC_64bit-Default/Makefile&quot;  VERBOSE=1 clean"/>
				</MakeCommands>
			</Target>
		</Build>
		<Unit filename="/home/sxy/Codeup/mine_sweep/descibe_mine_sweep_distriction/src/descibe_mine_sweep_distriction.cpp">
			<Option target="descibe_mine_sweep_distriction"/>
		</Unit>
		<Unit filename="/home/sxy/Codeup/mine_sweep/descibe_mine_sweep_distriction/CMakeLists.txt">
			<Option virtualFolder="CMake Files\"/>
		</Unit>
	</Project>
</CodeBlocks_project_file>
